
Microsoft Visual Studio Solution File, Format Version 12.00
# Visual Studio Version 17
VisualStudioVersion = 17.10.35027.167
MinimumVisualStudioVersion = 10.0.40219.1
Project("{FAE04EC0-301F-11D3-BF4B-00C04F79EFBC}") = "DAT602_Milestone_Three", "DAT602_MIlestone_Three\DAT602_Milestone_Three.csproj", "{1A638C49-4910-41B3-B750-229368FD6439}"
EndProject
Global
	GlobalSection(SolutionConfigurationPlatforms) = preSolution
		Debug|Any CPU = Debug|Any CPU
		Release|Any CPU = Release|Any CPU
	EndGlobalSection
	GlobalSection(ProjectConfigurationPlatforms) = postSolution
		{1A638C49-4910-41B3-B750-229368FD6439}.Debug|Any CPU.ActiveCfg = Debug|Any CPU
		{1A638C49-4910-41B3-B750-229368FD6439}.Debug|Any CPU.Build.0 = Debug|Any CPU
		{1A638C49-4910-41B3-B750-229368FD6439}.Release|Any CPU.ActiveCfg = Release|Any CPU
		{1A638C49-4910-41B3-B750-229368FD6439}.Release|Any CPU.Build.0 = Release|Any CPU
	EndGlobalSection
	GlobalSection(SolutionProperties) = preSolution
		HideSolutionNode = FALSE
	EndGlobalSection
	GlobalSection(ExtensibilityGlobals) = postSolution
		SolutionGuid = {60595D43-8928-49BF-966A-89561BB55F93}
	EndGlobalSection
EndGlobal
